{
  "requires": true,
  "lockfileVersion": 1,
  "dependencies": {
    "markdown-to-jsx": {
      "version": "7.0.1",
      "resolved": "https://registry.npmjs.org/markdown-to-jsx/-/markdown-to-jsx-7.0.1.tgz",
      "integrity": "sha512-0agsmQtnoAzGt2fO8jgoFL5wvDUbpjoIfQffErQZmP66BxaWMBGifsAo0RRuye+2Ydlp7csX6X6HpF2xaL6J1w=="
    }
  }
}
